// !$*UTF8*$!
{
	archiveVersion = 1;
	classes = {
	};
	objectVersion = 56;
	objects = {

/* Begin PBXBuildFile section */
		278F1F992BCBC6C000F577A5 /* main.cpp in Sources */ = {isa = PBXBuildFile; fileRef = 278F1F982BCBC6C000F577A5 /* main.cpp */; };
		278F1FB62BCC277100F577A5 /* OpenGL.framework in Frameworks */ = {isa = PBXBuildFile; fileRef = 278F1FB52BCC277100F577A5 /* OpenGL.framework */; };
		278F1FB82BCC278200F577A5 /* GLUT.framework in Frameworks */ = {isa = PBXBuildFile; fileRef = 278F1FB72BCC278200F577A5 /* GLUT.framework */; };
/* End PBXBuildFile section */

/* Begin PBXCopyFilesBuildPhase section */
		278F1F932BCBC6C000F577A5 /* CopyFiles */ = {
			isa = PBXCopyFilesBuildPhase;
			buildActionMask = 2147483647;
			dstPath = /usr/share/man/man1/;
			dstSubfolderSpec = 0;
			files = (
			);
			runOnlyForDeploymentPostprocessing = 1;
		};
/* End PBXCopyFilesBuildPhase section */

/* Begin PBXFileReference section */
		278F1F952BCBC6C000F577A5 /* opengl_test */ = {isa = PBXFileReference; explicitFileType = "compiled.mach-o.executable"; includeInIndex = 0; path = opengl_test; sourceTree = BUILT_PRODUCTS_DIR; };
		278F1F982BCBC6C000F577A5 /* main.cpp */ = {isa = PBXFileReference; lastKnownFileType = sourcecode.cpp.cpp; path = main.cpp; sourceTree = "<group>"; };
		278F1FA02BCBCD8700F577A5 /* glfw3Config.cmake */ = {isa = PBXFileReference; lastKnownFileType = text; path = glfw3Config.cmake; sourceTree = "<group>"; };
		278F1FA12BCBCD8700F577A5 /* glfw3ConfigVersion.cmake */ = {isa = PBXFileReference; lastKnownFileType = text; path = glfw3ConfigVersion.cmake; sourceTree = "<group>"; };
		278F1FA22BCBCD8700F577A5 /* glfw3Targets-release.cmake */ = {isa = PBXFileReference; lastKnownFileType = text; path = "glfw3Targets-release.cmake"; sourceTree = "<group>"; };
		278F1FA32BCBCD8700F577A5 /* glfw3Targets.cmake */ = {isa = PBXFileReference; lastKnownFileType = text; path = glfw3Targets.cmake; sourceTree = "<group>"; };
		278F1FA62BCBCD8700F577A5 /* glfw3.pc */ = {isa = PBXFileReference; lastKnownFileType = text; path = glfw3.pc; sourceTree = "<group>"; };
		278F1FA82BCBCD8700F577A5 /* libglfw.3.4.dylib */ = {isa = PBXFileReference; lastKnownFileType = "compiled.mach-o.dylib"; path = libglfw.3.4.dylib; sourceTree = "<group>"; };
		278F1FA92BCBCD8700F577A5 /* libglfw.3.dylib */ = {isa = PBXFileReference; lastKnownFileType = "compiled.mach-o.dylib"; path = libglfw.3.dylib; sourceTree = "<group>"; };
		278F1FAA2BCBCD8700F577A5 /* libglfw.dylib */ = {isa = PBXFileReference; lastKnownFileType = "compiled.mach-o.dylib"; path = libglfw.dylib; sourceTree = "<group>"; };
		278F1FAB2BCBCD8700F577A5 /* libglfw3.a */ = {isa = PBXFileReference; lastKnownFileType = archive.ar; path = libglfw3.a; sourceTree = "<group>"; };
		278F1FB52BCC277100F577A5 /* OpenGL.framework */ = {isa = PBXFileReference; lastKnownFileType = wrapper.framework; name = OpenGL.framework; path = System/Library/Frameworks/OpenGL.framework; sourceTree = SDKROOT; };
		278F1FB72BCC278200F577A5 /* GLUT.framework */ = {isa = PBXFileReference; lastKnownFileType = wrapper.framework; name = GLUT.framework; path = System/Library/Frameworks/GLUT.framework; sourceTree = SDKROOT; };
/* End PBXFileReference section */

/* Begin PBXFrameworksBuildPhase section */
		278F1F922BCBC6C000F577A5 /* Frameworks */ = {
			isa = PBXFrameworksBuildPhase;
			buildActionMask = 2147483647;
			files = (
				278F1FB82BCC278200F577A5 /* GLUT.framework in Frameworks */,
				278F1FB62BCC277100F577A5 /* OpenGL.framework in Frameworks */,
			);
			runOnlyForDeploymentPostprocessing = 0;
		};
/* End PBXFrameworksBuildPhase section */

/* Begin PBXGroup section */
		278F1F8C2BCBC6C000F577A5 = {
			isa = PBXGroup;
			children = (
				278F1F972BCBC6C000F577A5 /* opengl_test */,
				278F1F962BCBC6C000F577A5 /* Products */,
				278F1F9F2BCBCD8700F577A5 /* Frameworks */,
			);
			sourceTree = "<group>";
		};
		278F1F962BCBC6C000F577A5 /* Products */ = {
			isa = PBXGroup;
			children = (
				278F1F952BCBC6C000F577A5 /* opengl_test */,
			);
			name = Products;
			sourceTree = "<group>";
		};
		278F1F972BCBC6C000F577A5 /* opengl_test */ = {
			isa = PBXGroup;
			children = (
				278F1F982BCBC6C000F577A5 /* main.cpp */,
			);
			path = opengl_test;
			sourceTree = "<group>";
		};
		278F1F9F2BCBCD8700F577A5 /* Frameworks */ = {
			isa = PBXGroup;
			children = (
				278F1FB72BCC278200F577A5 /* GLUT.framework */,
				278F1FB52BCC277100F577A5 /* OpenGL.framework */,
				278F1FAC2BCBCD8700F577A5 /* lib */,
			);
			name = Frameworks;
			sourceTree = "<group>";
		};
		278F1FA42BCBCD8700F577A5 /* glfw3 */ = {
			isa = PBXGroup;
			children = (
				278F1FA02BCBCD8700F577A5 /* glfw3Config.cmake */,
				278F1FA12BCBCD8700F577A5 /* glfw3ConfigVersion.cmake */,
				278F1FA22BCBCD8700F577A5 /* glfw3Targets-release.cmake */,
				278F1FA32BCBCD8700F577A5 /* glfw3Targets.cmake */,
			);
			path = glfw3;
			sourceTree = "<group>";
		};
		278F1FA52BCBCD8700F577A5 /* cmake */ = {
			isa = PBXGroup;
			children = (
				278F1FA42BCBCD8700F577A5 /* glfw3 */,
			);
			path = cmake;
			sourceTree = "<group>";
		};
		278F1FA72BCBCD8700F577A5 /* pkgconfig */ = {
			isa = PBXGroup;
			children = (
				278F1FA62BCBCD8700F577A5 /* glfw3.pc */,
			);
			path = pkgconfig;
			sourceTree = "<group>";
		};
		278F1FAC2BCBCD8700F577A5 /* lib */ = {
			isa = PBXGroup;
			children = (
				278F1FA52BCBCD8700F577A5 /* cmake */,
				278F1FA72BCBCD8700F577A5 /* pkgconfig */,
				278F1FA82BCBCD8700F577A5 /* libglfw.3.4.dylib */,
				278F1FA92BCBCD8700F577A5 /* libglfw.3.dylib */,
				278F1FAA2BCBCD8700F577A5 /* libglfw.dylib */,
				278F1FAB2BCBCD8700F577A5 /* libglfw3.a */,
			);
			name = lib;
			path = ../../../../../../opt/homebrew/Cellar/glfw/3.4/lib;
			sourceTree = "<group>";
		};
/* End PBXGroup section */

/* Begin PBXNativeTarget section */
		278F1F942BCBC6C000F577A5 /* opengl_test */ = {
			isa = PBXNativeTarget;
			buildConfigurationList = 278F1F9C2BCBC6C000F577A5 /* Build configuration list for PBXNativeTarget "opengl_test" */;
			buildPhases = (
				278F1F912BCBC6C000F577A5 /* Sources */,
				278F1F922BCBC6C000F577A5 /* Frameworks */,
				278F1F932BCBC6C000F577A5 /* CopyFiles */,
			);
			buildRules = (
			);
			dependencies = (
			);
			name = opengl_test;
			productName = opengl_test;
			productReference = 278F1F952BCBC6C000F577A5 /* opengl_test */;
			productType = "com.apple.product-type.tool";
		};
/* End PBXNativeTarget section */

/* Begin PBXProject section */
		278F1F8D2BCBC6C000F577A5 /* Project object */ = {
			isa = PBXProject;
			attributes = {
				BuildIndependentTargetsInParallel = 1;
				LastUpgradeCheck = 1530;
				TargetAttributes = {
					278F1F942BCBC6C000F577A5 = {
						CreatedOnToolsVersion = 15.3;
					};
				};
			};
			buildConfigurationList = 278F1F902BCBC6C000F577A5 /* Build configuration list for PBXProject "opengl_test" */;
			compatibilityVersion = "Xcode 14.0";
			developmentRegion = en;
			hasScannedForEncodings = 0;
			knownRegions = (
				en,
				Base,
			);
			mainGroup = 278F1F8C2BCBC6C000F577A5;
			productRefGroup = 278F1F962BCBC6C000F577A5 /* Products */;
			projectDirPath = "";
			projectRoot = "";
			targets = (
				278F1F942BCBC6C000F577A5 /* opengl_test */,
			);
		};
/* End PBXProject section */

/* Begin PBXSourcesBuildPhase section */
		278F1F912BCBC6C000F577A5 /* Sources */ = {
			isa = PBXSourcesBuildPhase;
			buildActionMask = 2147483647;
			files = (
				278F1F992BCBC6C000F577A5 /* main.cpp in Sources */,
			);
			runOnlyForDeploymentPostprocessing = 0;
		};
/* End PBXSourcesBuildPhase section */

/* Begin XCBuildConfiguration section */
		278F1F9A2BCBC6C000F577A5 /* Debug */ = {
			isa = XCBuildConfiguration;
			buildSettings = {
				ALWAYS_SEARCH_USER_PATHS = NO;
				ASSETCATALOG_COMPILER_GENERATE_SWIFT_ASSET_SYMBOL_EXTENSIONS = YES;
				CLANG_ANALYZER_NONNULL = YES;
				CLANG_ANALYZER_NUMBER_OBJECT_CONVERSION = YES_AGGRESSIVE;
				CLANG_CXX_LANGUAGE_STANDARD = "gnu++20";
				CLANG_ENABLE_MODULES = YES;
				CLANG_ENABLE_OBJC_ARC = YES;
				CLANG_ENABLE_OBJC_WEAK = YES;
				CLANG_WARN_BLOCK_CAPTURE_AUTORELEASING = YES;
				CLANG_WARN_BOOL_CONVERSION = YES;
				CLANG_WARN_COMMA = YES;
				CLANG_WARN_CONSTANT_CONVERSION = YES;
				CLANG_WARN_DEPRECATED_OBJC_IMPLEMENTATIONS = YES;
				CLANG_WARN_DIRECT_OBJC_ISA_USAGE = YES_ERROR;
				CLANG_WARN_DOCUMENTATION_COMMENTS = YES;
				CLANG_WARN_EMPTY_BODY = YES;
				CLANG_WARN_ENUM_CONVERSION = YES;
				CLANG_WARN_INFINITE_RECURSION = YES;
				CLANG_WARN_INT_CONVERSION = YES;
				CLANG_WARN_NON_LITERAL_NULL_CONVERSION = YES;
				CLANG_WARN_OBJC_IMPLICIT_RETAIN_SELF = YES;
				CLANG_WARN_OBJC_LITERAL_CONVERSION = YES;
				CLANG_WARN_OBJC_ROOT_CLASS = YES_ERROR;
				CLANG_WARN_QUOTED_INCLUDE_IN_FRAMEWORK_HEADER = YES;
				CLANG_WARN_RANGE_LOOP_ANALYSIS = YES;
				CLANG_WARN_STRICT_PROTOTYPES = YES;
				CLANG_WARN_SUSPICIOUS_MOVE = YES;
				CLANG_WARN_UNGUARDED_AVAILABILITY = YES_AGGRESSIVE;
				CLANG_WARN_UNREACHABLE_CODE = YES;
				CLANG_WARN__DUPLICATE_METHOD_MATCH = YES;
				COPY_PHASE_STRIP = NO;
				DEBUG_INFORMATION_FORMAT = dwarf;
				ENABLE_STRICT_OBJC_MSGSEND = YES;
				ENABLE_TESTABILITY = YES;
				ENABLE_USER_SCRIPT_SANDBOXING = YES;
				GCC_C_LANGUAGE_STANDARD = gnu17;
				GCC_DYNAMIC_NO_PIC = NO;
				GCC_NO_COMMON_BLOCKS = YES;
				GCC_OPTIMIZATION_LEVEL = 0;
				GCC_PREPROCESSOR_DEFINITIONS = (
					"DEBUG=1",
					"$(inherited)",
				);
				GCC_WARN_64_TO_32_BIT_CONVERSION = YES;
				GCC_WARN_ABOUT_RETURN_TYPE = YES_ERROR;
				GCC_WARN_UNDECLARED_SELECTOR = YES;
				GCC_WARN_UNINITIALIZED_AUTOS = YES_AGGRESSIVE;
				GCC_WARN_UNUSED_FUNCTION = YES;
				GCC_WARN_UNUSED_VARIABLE = YES;
				LOCALIZATION_PREFERS_STRING_CATALOGS = YES;
				MACOSX_DEPLOYMENT_TARGET = 14.4;
				MTL_ENABLE_DEBUG_INFO = INCLUDE_SOURCE;
				MTL_FAST_MATH = YES;
				ONLY_ACTIVE_ARCH = YES;
				SDKROOT = macosx;
			};
			name = Debug;
		};
		278F1F9B2BCBC6C000F577A5 /* Release */ = {
			isa = XCBuildConfiguration;
			buildSettings = {
				ALWAYS_SEARCH_USER_PATHS = NO;
				ASSETCATALOG_COMPILER_GENERATE_SWIFT_ASSET_SYMBOL_EXTENSIONS = YES;
				CLANG_ANALYZER_NONNULL = YES;
				CLANG_ANALYZER_NUMBER_OBJECT_CONVERSION = YES_AGGRESSIVE;
				CLANG_CXX_LANGUAGE_STANDARD = "gnu++20";
				CLANG_ENABLE_MODULES = YES;
				CLANG_ENABLE_OBJC_ARC = YES;
				CLANG_ENABLE_OBJC_WEAK = YES;
				CLANG_WARN_BLOCK_CAPTURE_AUTORELEASING = YES;
				CLANG_WARN_BOOL_CONVERSION = YES;
				CLANG_WARN_COMMA = YES;
				CLANG_WARN_CONSTANT_CONVERSION = YES;
				CLANG_WARN_DEPRECATED_OBJC_IMPLEMENTATIONS = YES;
				CLANG_WARN_DIRECT_OBJC_ISA_USAGE = YES_ERROR;
				CLANG_WARN_DOCUMENTATION_COMMENTS = YES;
				CLANG_WARN_EMPTY_BODY = YES;
				CLANG_WARN_ENUM_CONVERSION = YES;
				CLANG_WARN_INFINITE_RECURSION = YES;
				CLANG_WARN_INT_CONVERSION = YES;
				CLANG_WARN_NON_LITERAL_NULL_CONVERSION = YES;
				CLANG_WARN_OBJC_IMPLICIT_RETAIN_SELF = YES;
				CLANG_WARN_OBJC_LITERAL_CONVERSION = YES;
				CLANG_WARN_OBJC_ROOT_CLASS = YES_ERROR;
				CLANG_WARN_QUOTED_INCLUDE_IN_FRAMEWORK_HEADER = YES;
				CLANG_WARN_RANGE_LOOP_ANALYSIS = YES;
				CLANG_WARN_STRICT_PROTOTYPES = YES;
				CLANG_WARN_SUSPICIOUS_MOVE = YES;
				CLANG_WARN_UNGUARDED_AVAILABILITY = YES_AGGRESSIVE;
				CLANG_WARN_UNREACHABLE_CODE = YES;
				CLANG_WARN__DUPLICATE_METHOD_MATCH = YES;
				COPY_PHASE_STRIP = NO;
				DEBUG_INFORMATION_FORMAT = "dwarf-with-dsym";
				ENABLE_NS_ASSERTIONS = NO;
				ENABLE_STRICT_OBJC_MSGSEND = YES;
				ENABLE_USER_SCRIPT_SANDBOXING = YES;
				GCC_C_LANGUAGE_STANDARD = gnu17;
				GCC_NO_COMMON_BLOCKS = YES;
				GCC_WARN_64_TO_32_BIT_CONVERSION = YES;
				GCC_WARN_ABOUT_RETURN_TYPE = YES_ERROR;
				GCC_WARN_UNDECLARED_SELECTOR = YES;
				GCC_WARN_UNINITIALIZED_AUTOS = YES_AGGRESSIVE;
				GCC_WARN_UNUSED_FUNCTION = YES;
				GCC_WARN_UNUSED_VARIABLE = YES;
				LOCALIZATION_PREFERS_STRING_CATALOGS = YES;
				MACOSX_DEPLOYMENT_TARGET = 14.4;
				MTL_ENABLE_DEBUG_INFO = NO;
				MTL_FAST_MATH = YES;
				SDKROOT = macosx;
			};
			name = Release;
		};
		278F1F9D2BCBC6C000F577A5 /* Debug */ = {
			isa = XCBuildConfiguration;
			buildSettings = {
				"CODE_SIGN_IDENTITY[sdk=macosx*]" = "Apple Development";
				CODE_SIGN_STYLE = Automatic;
				DEVELOPMENT_TEAM = 46BY5TL242;
				ENABLE_HARDENED_RUNTIME = YES;
				GCC_WARN_ABOUT_DEPRECATED_FUNCTIONS = NO;
				"HEADER_SEARCH_PATHS[arch=*]" = /opt/homebrew/Cellar/glfw/3.4/include;
				LIBRARY_SEARCH_PATHS = (
					"$(inherited)",
					/opt/homebrew/Cellar/glfw/3.4/lib,
				);
				NEW_SETTING = "";
				PRODUCT_BUNDLE_IDENTIFIER = com.opengl.test;
				PRODUCT_NAME = "$(TARGET_NAME)";
			};
			name = Debug;
		};
		278F1F9E2BCBC6C000F577A5 /* Release */ = {
			isa = XCBuildConfiguration;
			buildSettings = {
				"CODE_SIGN_IDENTITY[sdk=macosx*]" = "Apple Development";
				CODE_SIGN_STYLE = Automatic;
				DEVELOPMENT_TEAM = 46BY5TL242;
				ENABLE_HARDENED_RUNTIME = YES;
				GCC_WARN_ABOUT_DEPRECATED_FUNCTIONS = NO;
				LIBRARY_SEARCH_PATHS = (
					"$(inherited)",
					/opt/homebrew/Cellar/glfw/3.4/lib,
				);
				NEW_SETTING = "";
				PRODUCT_BUNDLE_IDENTIFIER = com.opengl.test;
				PRODUCT_NAME = "$(TARGET_NAME)";
			};
			name = Release;
		};
/* End XCBuildConfiguration section */

/* Begin XCConfigurationList section */
		278F1F902BCBC6C000F577A5 /* Build configuration list for PBXProject "opengl_test" */ = {
			isa = XCConfigurationList;
			buildConfigurations = (
				278F1F9A2BCBC6C000F577A5 /* Debug */,
				278F1F9B2BCBC6C000F577A5 /* Release */,
			);
			defaultConfigurationIsVisible = 0;
			defaultConfigurationName = Release;
		};
		278F1F9C2BCBC6C000F577A5 /* Build configuration list for PBXNativeTarget "opengl_test" */ = {
			isa = XCConfigurationList;
			buildConfigurations = (
				278F1F9D2BCBC6C000F577A5 /* Debug */,
				278F1F9E2BCBC6C000F577A5 /* Release */,
			);
			defaultConfigurationIsVisible = 0;
			defaultConfigurationName = Release;
		};
/* End XCConfigurationList section */
	};
	rootObject = 278F1F8D2BCBC6C000F577A5 /* Project object */;
}
